
Microsoft Visual Studio Solution File, Format Version 12.00
# Visual Studio 15
VisualStudioVersion = 15.0.28307.1500
MinimumVisualStudioVersion = 10.0.40219.1
Project("{FAE04EC0-301F-11D3-BF4B-00C04F79EFBC}") = "Uri_1117", "Uri_1117\Uri_1117.csproj", "{3940E47C-5A3C-4FFF-B1FF-F9CC3949415E}"
EndProject
Global
	GlobalSection(SolutionConfigurationPlatforms) = preSolution
		Debug|Any CPU = Debug|Any CPU
		Release|Any CPU = Release|Any CPU
	EndGlobalSection
	GlobalSection(ProjectConfigurationPlatforms) = postSolution
		{3940E47C-5A3C-4FFF-B1FF-F9CC3949415E}.Debug|Any CPU.ActiveCfg = Debug|Any CPU
		{3940E47C-5A3C-4FFF-B1FF-F9CC3949415E}.Debug|Any CPU.Build.0 = Debug|Any CPU
		{3940E47C-5A3C-4FFF-B1FF-F9CC3949415E}.Release|Any CPU.ActiveCfg = Release|Any CPU
		{3940E47C-5A3C-4FFF-B1FF-F9CC3949415E}.Release|Any CPU.Build.0 = Release|Any CPU
	EndGlobalSection
	GlobalSection(SolutionProperties) = preSolution
		HideSolutionNode = FALSE
	EndGlobalSection
	GlobalSection(ExtensibilityGlobals) = postSolution
		SolutionGuid = {FEAAC707-421B-4BC8-951C-C9AD0ACA4684}
	EndGlobalSection
EndGlobal
